
Microsoft Visual Studio Solution File, Format Version 12.00
# Visual Studio Version 17
VisualStudioVersion = 17.11.35327.3
MinimumVisualStudioVersion = 10.0.40219.1
Project("{FAE04EC0-301F-11D3-BF4B-00C04F79EFBC}") = "RestaurantService", "RestaurantService.csproj", "{E8F9A310-90CF-46CD-B2BA-D90E598DBC4B}"
EndProject
Global
	GlobalSection(SolutionConfigurationPlatforms) = preSolution
		Debug|Any CPU = Debug|Any CPU
		Release|Any CPU = Release|Any CPU
	EndGlobalSection
	GlobalSection(ProjectConfigurationPlatforms) = postSolution
		{E8F9A310-90CF-46CD-B2BA-D90E598DBC4B}.Debug|Any CPU.ActiveCfg = Debug|Any CPU
		{E8F9A310-90CF-46CD-B2BA-D90E598DBC4B}.Debug|Any CPU.Build.0 = Debug|Any CPU
		{E8F9A310-90CF-46CD-B2BA-D90E598DBC4B}.Release|Any CPU.ActiveCfg = Release|Any CPU
		{E8F9A310-90CF-46CD-B2BA-D90E598DBC4B}.Release|Any CPU.Build.0 = Release|Any CPU
	EndGlobalSection
	GlobalSection(SolutionProperties) = preSolution
		HideSolutionNode = FALSE
	EndGlobalSection
	GlobalSection(ExtensibilityGlobals) = postSolution
		SolutionGuid = {DCD2D8E7-B9B7-4367-9913-F704CFE5CEB1}
	EndGlobalSection
EndGlobal
